
Microsoft Visual Studio Solution File, Format Version 12.00
Project("{FAE04EC0-301F-11D3-BF4B-00C04F79EFBC}") = "IdentityService", "IdentityService\IdentityService.csproj", "{884092F8-AF5B-4BE0-9818-6117B15259AC}"
EndProject
Global
	GlobalSection(SolutionConfigurationPlatforms) = preSolution
		Debug|Any CPU = Debug|Any CPU
		Release|Any CPU = Release|Any CPU
	EndGlobalSection
	GlobalSection(ProjectConfigurationPlatforms) = postSolution
		{884092F8-AF5B-4BE0-9818-6117B15259AC}.Debug|Any CPU.ActiveCfg = Debug|Any CPU
		{884092F8-AF5B-4BE0-9818-6117B15259AC}.Debug|Any CPU.Build.0 = Debug|Any CPU
		{884092F8-AF5B-4BE0-9818-6117B15259AC}.Release|Any CPU.ActiveCfg = Release|Any CPU
		{884092F8-AF5B-4BE0-9818-6117B15259AC}.Release|Any CPU.Build.0 = Release|Any CPU
	EndGlobalSection
EndGlobal
